version = 1
revision = 3
requires-python = ">=3.14, <3.15"

[manifest]
requirements = [{ name = "scikit-learn", specifier = "==1.9.0" }]

[[package]]
name = "cloudpickle"
version = "3.1.2"
source = { registry = "https://pypi.org/simple" }
sdist = { url = "https://files.pythonhosted.org/packages/27/fb/576f067976d320f5f0114a8d9fa1215425441bb35627b1993e5afd8111e5/cloudpickle-3.1.2.tar.gz", hash = "sha256:7fda9eb655c9c230dab534f1983763de5835249750e85fbcef43aaa30a9a2414", size = 22330, upload-time = "2025-11-03T09:25:26.604Z" }
wheels = [
    { url = "https://files.pythonhosted.org/packages/88/39/799be3f2f0f38cc727ee3b4f1445fe6d5e4133064ec2e4115069418a5bb6/cloudpickle-3.1.2-py3-none-any.whl", hash = "sha256:9acb47f6afd73f60dc1df93bb801b472f05ff42fa6c84167d25cb206be1fbf4a", size = 22228, upload-time = "2025-11-03T09:25:25.534Z" },
]

[[package]]
name = "joblib"
version = "1.6.0"
source = { registry = "https://pypi.org/simple" }
dependencies = [
    { name = "cloudpickle" },
]
sdist = { url = "https://files.pythonhosted.org/packages/d5/1d/537ab090f302b838943a1b56497dd53059b9a9b46a074936470173a2e207/joblib-1.6.0.tar.gz", hash = "sha256:2ccc96785b12046c08fd6d55839c12857831b54a3c1673ffadd2f04bfc4eda03", size = 327903, upload-time = "2026-08-31T09:39:04.122Z" }
wheels = [
    { url = "https://files.pythonhosted.org/packages/18/53/84099323c2ec4be98d935f63c033ac4151ee83836ca1050ede3b3aadf155/joblib-1.6.0-py3-none-any.whl", hash = "sha256:3dbbf9f6e4b592a2357b854608e980fe6390d131d7a82f011a377ef2ebef7aba", size = 306115, upload-time = "2026-08-31T09:39:02.298Z" },
]

[[package]]
name = "narwhals"
version = "2.25.0"
source = { registry = "https://pypi.org/simple" }
sdist = { url = "https://files.pythonhosted.org/packages/6f/7b/6248dada39781db1ab3ebf08943080df0796098515a87f6f8696d14ec744/narwhals-2.25.0.tar.gz", hash = "sha256:62c036c810662bf7820b7737077176313bc59350eeeefb808510f388c743e4b2", size = 677076, upload-time = "2026-08-20T18:10:15.454Z" }
wheels = [
    { url = "https://files.pythonhosted.org/packages/eb/dc/55481808fd70ef1567cf13540ffd4702af3f74b112e35427564b03f79c2d/narwhals-2.25.0-py3-none-any.whl", hash = "sha256:1f0f403e8c7e4463cde9bfe78b12fdd809e3ae3dda6d9b2f802934fb9c7a6a8f", size = 467373, upload-time = "2026-08-20T18:10:13.834Z" },
]

[[package]]
name = "numpy"
version = "2.5.2"
source = { registry = "https://pypi.org/simple" }
sdist = { url = "https://files.pythonhosted.org/packages/9a/80/db0b4559e57ec36362bedbb05530a87fafbcb6067708c946967a41d449e7/numpy-2.5.2.tar.gz", hash = "sha256:d482d171c406ae88c5b19cad3b6a1c4c5209f886ab74bc44c2c865c23f52d860", size = 20773161, upload-time = "2026-08-09T13:48:27.962Z" }
wheels = [
    { url = "https://files.pythonhosted.org/packages/ac/f8/c3b222bf075b50afd8e949a07a15c4b312a4a84bd8102a332bcd953cbbb4/numpy-2.5.2-cp314-cp314-macosx_10_15_x86_64.whl", hash = "sha256:d787cf769c3baeb5f6235e778edb52c08dfa923789b5958f28e6450f96107cb1", size = 16885180, upload-time = "2026-08-09T13:46:03.939Z" },
    { url = "https://files.pythonhosted.org/packages/17/e1/2c1d4b1987795a92b5bbf7c24fe249ab96aa2573ab0d7604802c189d7b86/numpy-2.5.2-cp314-cp314-macosx_11_0_arm64.whl", hash = "sha256:24b9dc2e3d84aa58523798805194e23e736f3f6ce2d1a5b92583ae734e6dbda8", size = 11907878, upload-time = "2026-08-09T13:46:07.045Z" },
    { url = "https://files.pythonhosted.org/packages/b9/ee/d08226fc858044355983a6e5b94f08ff6f3969e0a2b160a4a89f0ddb3445/numpy-2.5.2-cp314-cp314-macosx_14_0_arm64.whl", hash = "sha256:9e9413326d726c2545bfa65d2c0876871e8d8386e77f992c1d426e180bbd4323", size = 5354922, upload-time = "2026-08-09T13:46:10.04Z" },
    { url = "https://files.pythonhosted.org/packages/94/f0/6d3d933056440ebbc5e6bad92065fc6c26a48a84a36b1208580e94eea76c/numpy-2.5.2-cp314-cp314-macosx_14_0_x86_64.whl", hash = "sha256:60e902ac295855348a5ca2ea4c89108989a9f5fddfad3dfc0a8f36b10358567e", size = 6679168, upload-time = "2026-08-09T13:46:12.275Z" },
    { url = "https://files.pythonhosted.org/packages/c4/3b/ecd49dd90033cceb2704d88ca905d4d7d89b0e8c739608754ffd325fa820/numpy-2.5.2-cp314-cp314-manylinux_2_27_aarch64.manylinux_2_28_aarch64.whl", hash = "sha256:50e500dc868e9313530ce12ba470fe50ff3afe3d62993ed6eff652dacd555b65", size = 15624501, upload-time = "2026-08-09T13:46:15.322Z" },
    { url = "https://files.pythonhosted.org/packages/c7/99/461bd36dbdfac6c1c53efa370bd55a83227542d0d118f1677dbf1a3dacd5/numpy-2.5.2-cp314-cp314-manylinux_2_27_x86_64.manylinux_2_28_x86_64.whl", hash = "sha256:318b9a4c845dbea06708a29c84ee429cc3065048db34cdb799047643492050ee", size = 16713701, upload-time = "2026-08-09T13:46:18.949Z" },
    { url = "https://files.pythonhosted.org/packages/f9/9c/2b251df9e8a5d647b62b0cbc1b90a91850c1cf4859ecb532fd0b4eacff6c/numpy-2.5.2-cp314-cp314-musllinux_1_2_aarch64.whl", hash = "sha256:34c319e2963be042673fb46570501b2f06c41924e17e3563d58646b4380dfb68", size = 16986065, upload-time = "2026-08-09T13:46:23.006Z" },
    { url = "https://files.pythonhosted.org/packages/8f/25/20de43f53ff1390534a124475055a19f01fe10c920a0fd11b8e18d6d6052/numpy-2.5.2-cp314-cp314-musllinux_1_2_x86_64.whl", hash = "sha256:f06571a052127dc1b4e8b83029b4d1b20daa2b64a31cdd181fc6bc774e9000eb", size = 18470031, upload-time = "2026-08-09T13:46:27.102Z" },
    { url = "https://files.pythonhosted.org/packages/56/5e/0c577ca308d6da5eb79b546ba10bbe5b60148192194e2da060913b1de4f1/numpy-2.5.2-cp314-cp314-win32.whl", hash = "sha256:2cc779226e476d1e1f08c74068c419e60f41a9e0e069c92f6671d31d5c985e98", size = 6121028, upload-time = "2026-08-09T13:46:30.046Z" },
    { url = "https://files.pythonhosted.org/packages/15/5c/7bcbd5b11f94199073320410cddcbb80cee62415bfeb540874b265c2d922/numpy-2.5.2-cp314-cp314-win_amd64.whl", hash = "sha256:7587f53dfbd5edc0f7b87c6217b4c6d2d1f2ef9c3da70bc1315e7db5f8d7ec9d", size = 12597627, upload-time = "2026-08-09T13:46:32.886Z" },
    { url = "https://files.pythonhosted.org/packages/87/bc/4d0b06fba0da90ccc75af62823cb9dcedb6c9ea0cffa058cb2c9ee773a77/numpy-2.5.2-cp314-cp314-win_arm64.whl", hash = "sha256:3e4c367352d3747784248a227fbec218e193b56f7e6692e3b64fc805478ecfdf", size = 10680414, upload-time = "2026-08-09T13:46:36.036Z" },
    { url = "https://files.pythonhosted.org/packages/cd/17/f429aac9dc08833a0d0f188eba38c532a751b1a1f2ca6018a37b455cb321/numpy-2.5.2-cp314-cp314t-macosx_11_0_arm64.whl", hash = "sha256:b879fb674276e331513fb136b78dbc6bd3c848309e0d841cfd63be3896c4cfc1", size = 12026967, upload-time = "2026-08-09T13:46:39.084Z" },
    { url = "https://files.pythonhosted.org/packages/ca/9f/d0849de96a2a4ceaa16662f18ee13eaa9c0aa418269fdc8c4857c56b11da/numpy-2.5.2-cp314-cp314t-macosx_14_0_arm64.whl", hash = "sha256:fd0d703772bba096843785bd38371e31bb4a0c1151497ad5739d182114a73f7f", size = 5473874, upload-time = "2026-08-09T13:46:42.075Z" },
    { url = "https://files.pythonhosted.org/packages/89/3c/8df216d4a4a5422a3de045301cf7df8ea47286d76f5cb7160b0128ac26b7/numpy-2.5.2-cp314-cp314t-macosx_14_0_x86_64.whl", hash = "sha256:3a2f061cebd9e3d23bdcfaaded5e2293a4c6a5b60fa42df85d410a725ce621bf", size = 6789276, upload-time = "2026-08-09T13:46:44.387Z" },
    { url = "https://files.pythonhosted.org/packages/e6/3a/20d7e9891c4ddfadd6ff8d95bf4b29f353d8e1770553de2099880551dfb9/numpy-2.5.2-cp314-cp314t-manylinux_2_27_aarch64.manylinux_2_28_aarch64.whl", hash = "sha256:6df895598c0edcb41030126c89e0f353b07d93238116143b7405e937359736c4", size = 15659154, upload-time = "2026-08-09T13:46:47.538Z" },
    { url = "https://files.pythonhosted.org/packages/aa/d6/f3aa3d2688bf501b858835c6bd087ae9b51a56ae6fca8e2b0990abd177af/numpy-2.5.2-cp314-cp314t-manylinux_2_27_x86_64.manylinux_2_28_x86_64.whl", hash = "sha256:1ab3d4a901f844ea836c3e80bf463c6a27d7f3c14e8e292fcf28d348b25b9bce", size = 16748909, upload-time = "2026-08-09T13:46:51.442Z" },
    { url = "https://files.pythonhosted.org/packages/7d/8f/1c5cae8d2baf86ab802ae97a00be55bc7e21ebc11b12bbc33376c5f05342/numpy-2.5.2-cp314-cp314t-musllinux_1_2_aarch64.whl", hash = "sha256:cebc2d6dbb605a7703d59751dea4bd6b0ab127a5a4338a6f432df1936fef8b26", size = 17027685, upload-time = "2026-08-09T13:46:55.095Z" },
    { url = "https://files.pythonhosted.org/packages/5c/27/71d3467404aedc1c24ce79610f91b52b0b0f466c43a701aa56fc75c145ab/numpy-2.5.2-cp314-cp314t-musllinux_1_2_x86_64.whl", hash = "sha256:eaca7ff36f0f52e2111ec71f169d8fd3e889e7ddc0d2592e0d703fd8d3ce8fac", size = 18501181, upload-time = "2026-08-09T13:46:59.09Z" },
    { url = "https://files.pythonhosted.org/packages/14/2f/42921d27c40aea7e077f4a423ae509fd9220b028cd787bafefd8ab2b3a5f/numpy-2.5.2-cp314-cp314t-win32.whl", hash = "sha256:ddf47472af2e4280d79bac82304f5e80150211f1b9e614b760061d5fdfbb6eba", size = 6271085, upload-time = "2026-08-09T13:47:01.903Z" },
    { url = "https://files.pythonhosted.org/packages/75/e6/bad5f5d56de9b1971bac959963dda276d35c40f1854475005434bbe08692/numpy-2.5.2-cp314-cp314t-win_amd64.whl", hash = "sha256:44ef9675d908e65f9953063837c3277730f3f4437615a4cdab67b366cabaf884", size = 12787971, upload-time = "2026-08-09T13:47:04.963Z" },
    { url = "https://files.pythonhosted.org/packages/df/05/f608795cb34391acd67e38d94a3c36abd8d8576293a3a80727d7595c372c/numpy-2.5.2-cp314-cp314t-win_arm64.whl", hash = "sha256:eaa088384c46f519dacb93b7ec483a6d6b19a4a2085ae4f25ab9b1c43d387d1e", size = 10750306, upload-time = "2026-08-09T13:47:07.976Z" },
]

[[package]]
name = "scikit-learn"
version = "1.9.0"
source = { registry = "https://pypi.org/simple" }
dependencies = [
    { name = "joblib" },
    { name = "narwhals" },
    { name = "numpy" },
    { name = "scipy" },
    { name = "threadpoolctl" },
]
sdist = { url = "https://files.pythonhosted.org/packages/fa/6f/37092bdb25f712817231799fc5674d8e704066a8a70c1d2d40517e18b4ab/scikit_learn-1.9.0.tar.gz", hash = "sha256:8833266989d3a5110178a9fae30783675460724d0e1efb13b14901d2c660c557", size = 7750767, upload-time = "2026-06-02T11:54:32.706Z" }
wheels = [
    { url = "https://files.pythonhosted.org/packages/f4/7d/c9a35cf59b20a86fec24d306f1547b78dec194b08d367ce2a3e4854169d9/scikit_learn-1.9.0-cp314-cp314-macosx_10_15_x86_64.whl", hash = "sha256:9656acd4e93f74e0b66c8a36c88830a99252dfa900044d36bc2212ae89a47162", size = 8713289, upload-time = "2026-06-02T11:53:58.788Z" },
    { url = "https://files.pythonhosted.org/packages/3c/a7/552a7821597c632b907f7bfe8f36f9f572777af8ef8a48353041cf8e091a/scikit_learn-1.9.0-cp314-cp314-macosx_12_0_arm64.whl", hash = "sha256:24360002ae845e7866522b0a5bbf690802e7bc388cac8663502e78aa98598aa2", size = 8245141, upload-time = "2026-06-02T11:54:01.694Z" },
    { url = "https://files.pythonhosted.org/packages/7d/79/f4a0c4fe9711154cddabf913471153af79056382ddc612cfe5ee0ff4b72e/scikit_learn-1.9.0-cp314-cp314-manylinux_2_27_aarch64.manylinux_2_28_aarch64.whl", hash = "sha256:5162ad10a418c8a282dde04c9aa06965de3e9a65f33c1440c0ae69bb1a09d913", size = 8847671, upload-time = "2026-06-02T11:54:04.448Z" },
    { url = "https://files.pythonhosted.org/packages/f0/af/4d72d9e475ac83719160c662619e4bf7b95c19507cd582e7d0167a3c3dae/scikit_learn-1.9.0-cp314-cp314-manylinux_2_27_x86_64.manylinux_2_28_x86_64.whl", hash = "sha256:1fea2cc5677ab49d6f5bade978c866da44957b712d92e9635e8b4f723013c3cb", size = 9118104, upload-time = "2026-06-02T11:54:07.205Z" },
    { url = "https://files.pythonhosted.org/packages/a2/d5/6a58eea2cb9abbb9b3f2bb8b2cfb3243d1152d69f442d256c7af71304769/scikit_learn-1.9.0-cp314-cp314-win_amd64.whl", hash = "sha256:64fa347efc1c839c487433e40c5144d38c336e8a2b59c81aa8660373945c2673", size = 8290674, upload-time = "2026-06-02T11:54:10.087Z" },
    { url = "https://files.pythonhosted.org/packages/65/5b/d4c879cf358f1187141cf90ced473f087183489090244f50c124a2ee478b/scikit_learn-1.9.0-cp314-cp314-win_arm64.whl", hash = "sha256:1b944b6db288f6b926e3650026ddafb988929de95d11fc2cc5fa117773c9ba42", size = 7978807, upload-time = "2026-06-02T11:54:12.769Z" },
    { url = "https://files.pythonhosted.org/packages/8a/43/bfae3121ec67ae09150d453c442c7c1cc166e9aefe056e6ab3b7728a5cfc/scikit_learn-1.9.0-cp314-cp314t-macosx_10_15_x86_64.whl", hash = "sha256:4ccacf04ca5f4b492158a5f28afe0ace43f81b2571e4b9a66d34848b46128949", size = 9031941, upload-time = "2026-06-02T11:54:15.436Z" },
    { url = "https://files.pythonhosted.org/packages/75/b0/20a4546eb17f3b25d3c66df15810411c14ed5065bcfab50b53c96fb627b2/scikit_learn-1.9.0-cp314-cp314t-macosx_12_0_arm64.whl", hash = "sha256:ee1a8db2c18c08e34c7412d4b10be1cac214cd4ea7dc9715a6a327eb49a37c96", size = 8613528, upload-time = "2026-06-02T11:54:18.842Z" },
    { url = "https://files.pythonhosted.org/packages/18/3c/e440e039bb82cd19004edaaad00acbde0fb9b461083c3ecf37941c557312/scikit_learn-1.9.0-cp314-cp314t-manylinux_2_27_aarch64.manylinux_2_28_aarch64.whl", hash = "sha256:147e9329ef0e39f75d4cffa02b2aa48d827832684926cd5210d9a2cb5c57246b", size = 8855050, upload-time = "2026-06-02T11:54:21.699Z" },
    { url = "https://files.pythonhosted.org/packages/43/26/b341b8dab5998da6270a3a42c2152c578501354d36f944b5856757035ef8/scikit_learn-1.9.0-cp314-cp314t-manylinux_2_27_x86_64.manylinux_2_28_x86_64.whl", hash = "sha256:5bad8f8b9950321b54c965fdcbac6c6c55e79e16646b49977bcf3668d3870a1a", size = 9097190, upload-time = "2026-06-02T11:54:24.454Z" },
    { url = "https://files.pythonhosted.org/packages/fb/de/b650b4d69b84468cfa2e28a3ff7b8103743029e6446ce1a97fe060ef688c/scikit_learn-1.9.0-cp314-cp314t-win_amd64.whl", hash = "sha256:78fc56eafd4edb9575d2d8950d1dd152061abb573341a1cb7e099fc40f6c6666", size = 8963204, upload-time = "2026-06-02T11:54:27.428Z" },
    { url = "https://files.pythonhosted.org/packages/ee/f3/ff83d76d7418112e5a61326443cdda87be3545dd8d6599c95b2481a4419e/scikit_learn-1.9.0-cp314-cp314t-win_arm64.whl", hash = "sha256:051075bda8b7aab87b1906ab3d4740a1e1224a19d7b3781a576736edc94e76aa", size = 8222661, upload-time = "2026-06-02T11:54:30.192Z" },
]

[[package]]
name = "scipy"
version = "1.18.1"
source = { registry = "https://pypi.org/simple" }
dependencies = [
    { name = "numpy" },
]
sdist = { url = "https://files.pythonhosted.org/packages/7e/74/66de6258867beb2ef08f35f9f2ac017a52cacd5081714d239ff1a442d458/scipy-1.18.1.tar.gz", hash = "sha256:52c4b7422442aba924d03ad4019852b08a92e64ea187b933135687bfe2747307", size = 30781235, upload-time = "2026-08-21T23:28:50.599Z" }
wheels = [
    { url = "https://files.pythonhosted.org/packages/06/d5/d8eb4e280ddb56a4ab2c6f02ee49b56b23f6e977cf0802fd6d68dbef14f5/scipy-1.18.1-cp314-cp314-macosx_10_15_x86_64.whl", hash = "sha256:83de5453a7799afc9048b4616bd085cef126e36412f0ea2f6370c36a2a3a51e7", size = 31090936, upload-time = "2026-08-21T23:25:28.686Z" },
    { url = "https://files.pythonhosted.org/packages/2a/49/59ea385dc3a62ff498ddf3cfff7c2b41b0f9f9d3c4122b3f1dcb6d6327fe/scipy-1.18.1-cp314-cp314-macosx_12_0_arm64.whl", hash = "sha256:9554bcc6d715ee87a633a3cc8e7703c6628b100dd29cb8a2efc4c0533c7ff729", size = 28725221, upload-time = "2026-08-21T23:25:33.244Z" },
    { url = "https://files.pythonhosted.org/packages/70/e8/6b0c288c50942d78193696c9f15f9a0874f5178aa0ddf40f83d9924b3e8d/scipy-1.18.1-cp314-cp314-macosx_14_0_arm64.whl", hash = "sha256:011413b7426b75012840e35649e00fe0a2c3bae89fed433876e3a99251572efc", size = 20466839, upload-time = "2026-08-21T23:25:37.516Z" },
    { url = "https://files.pythonhosted.org/packages/4b/e0/54fd3793c729e3b936782f181b59cbb1205bf250ab605a16cb1ba61cdd5e/scipy-1.18.1-cp314-cp314-macosx_14_0_x86_64.whl", hash = "sha256:88f0e784020649f88ea48c9f5ddfa403bf9205820667c0914740b392035afb82", size = 23089121, upload-time = "2026-08-21T23:25:42.019Z" },
    { url = "https://files.pythonhosted.org/packages/0b/56/030af62bea3cf878e0028515dff78c123b01633606a879b63f42d2db99cc/scipy-1.18.1-cp314-cp314-manylinux_2_27_aarch64.manylinux_2_28_aarch64.whl", hash = "sha256:2d3ab0e8c69a17dd3559eab8cbb88f258e285c94d572c2719033f90f83290c89", size = 34053851, upload-time = "2026-08-21T23:25:47.998Z" },
    { url = "https://files.pythonhosted.org/packages/6b/89/2a844506d49651e9aa1af6ef95b6bd8031cb1d5a4375edec6155037e04cf/scipy-1.18.1-cp314-cp314-manylinux_2_27_x86_64.manylinux_2_28_x86_64.whl", hash = "sha256:ac0333bdf38309aa3dcbe7e3fa7ea29e7a2c37c6ea306a757b700ded8e4596ad", size = 35329183, upload-time = "2026-08-21T23:25:53.522Z" },
    { url = "https://files.pythonhosted.org/packages/eb/56/c7370c3640e92ac9613cbf26cb3f729f9b12ddf1727b55b94b53b24d6f48/scipy-1.18.1-cp314-cp314-musllinux_1_2_aarch64.whl", hash = "sha256:911de823097db8b63f034299d12662db93344e6ffa0b881cbb57748974b70168", size = 35672551, upload-time = "2026-08-21T23:25:59.387Z" },
    { url = "https://files.pythonhosted.org/packages/24/16/ec8536f351421f8bf60a1120930638f83790f4710b8230446aca3d6159d4/scipy-1.18.1-cp314-cp314-musllinux_1_2_x86_64.whl", hash = "sha256:95298364e251be3e60249facbeeca03631d3bb7584f85879516ec55ac717b81f", size = 37469416, upload-time = "2026-08-21T23:26:05.432Z" },
    { url = "https://files.pythonhosted.org/packages/52/94/d73da0d28f16c45bb9b0a5691b91610b0275c5ef0eb5e43c87cf2dc1bf31/scipy-1.18.1-cp314-cp314-win_amd64.whl", hash = "sha256:78a0d7c918e74a232394117160e7e3db503377572a45bcef8826e4ab8a35feba", size = 37362755, upload-time = "2026-08-21T23:26:11.366Z" },
    { url = "https://files.pythonhosted.org/packages/89/25/e996e4dc74e10e227b1e14db5eaf6608bb6dd33884a64851c38f18dd4249/scipy-1.18.1-cp314-cp314-win_arm64.whl", hash = "sha256:cbf38d043c1aa4ab306e1ada6ab6eddacc3322a20b7af1b30bc93254b366fe09", size = 25036090, upload-time = "2026-08-21T23:26:15.887Z" },
    { url = "https://files.pythonhosted.org/packages/fa/c9/c00213f92309d753b48903e6a451b87eb52ff5b7a16e789d1568bbf221c4/scipy-1.18.1-cp314-cp314t-macosx_10_15_x86_64.whl", hash = "sha256:0fcb3c93519f27bb4f0c4b0f7802cdcaca7fcf93267b75edda2e9f4e8a55cbd7", size = 31485550, upload-time = "2026-08-21T23:26:20.776Z" },
    { url = "https://files.pythonhosted.org/packages/74/b2/e3067c487982d4eeab2938928529410370c06fea84a4d3f4925e7d96647d/scipy-1.18.1-cp314-cp314t-macosx_12_0_arm64.whl", hash = "sha256:ddef79fb382df40104a19bb7151b3b23e57c1778fcf857c71ceecd9bd264513f", size = 29174642, upload-time = "2026-08-21T23:26:25.395Z" },
    { url = "https://files.pythonhosted.org/packages/d5/ab/374c9fe2d1ec014e576c781a4b5d8e1ba340e8f6b4638c16f711d2b194f0/scipy-1.18.1-cp314-cp314t-macosx_14_0_arm64.whl", hash = "sha256:0e82073ecc7acc6436fac4b31674109c7e1d3e596789767eda01258a8c9e8123", size = 20916357, upload-time = "2026-08-21T23:26:30.112Z" },
    { url = "https://files.pythonhosted.org/packages/90/38/223915c88a17317cafbf8ca2a42b11c265a9fb1e804aa665544132b5fe8a/scipy-1.18.1-cp314-cp314t-macosx_14_0_x86_64.whl", hash = "sha256:8bcf3c1ba5d6456e2effd30fcbd3459b044d683fcdac79a2e6830f0bdf7de487", size = 23482611, upload-time = "2026-08-21T23:26:34.846Z" },
    { url = "https://files.pythonhosted.org/packages/c4/d1/db0948da8ca57a80b36520ef0a768b967d99f3af65f4b6f1bf6362ad4dd4/scipy-1.18.1-cp314-cp314t-manylinux_2_27_aarch64.manylinux_2_28_aarch64.whl", hash = "sha256:cfbf154f2ba187f2ed6cce2639efff7d105f1140573642c0161615b6d91d6a87", size = 34143202, upload-time = "2026-08-21T23:26:40.4Z" },
    { url = "https://files.pythonhosted.org/packages/87/53/39d046cc7574ed6acacb6bd5723e220107ece80bff12faaf3efc4ddeede4/scipy-1.18.1-cp314-cp314t-manylinux_2_27_x86_64.manylinux_2_28_x86_64.whl", hash = "sha256:a1d33a7836f7ddc1993427966a0823468ec41bcbdb1a9f9942d1d7e57f803ba3", size = 35380876, upload-time = "2026-08-21T23:26:46.1Z" },
    { url = "https://files.pythonhosted.org/packages/f9/da/32e0e799d875a85ca57d9bde6c78148afcc0e38276df683d95854eadc8c3/scipy-1.18.1-cp314-cp314t-musllinux_1_2_aarch64.whl", hash = "sha256:7f4b8bc363b6d65ee2152bec57568e3c52639bb34c46057b09857a307ed5e21d", size = 35770885, upload-time = "2026-08-21T23:26:51.533Z" },
    { url = "https://files.pythonhosted.org/packages/88/2e/f97a666d362fee68b18f41c9c30ed502ca5c98b549749bfcb52a8b74d1eb/scipy-1.18.1-cp314-cp314t-musllinux_1_2_x86_64.whl", hash = "sha256:11c423f1049c5755ad4409af52a9ada1cff96fe9b50795d4af3619f292901239", size = 37525424, upload-time = "2026-08-21T23:26:56.751Z" },
    { url = "https://files.pythonhosted.org/packages/ca/d5/a9e765a84654ebba8479a1fd1b059ced1af72b168a3b2a3a46540ea38d20/scipy-1.18.1-cp314-cp314t-win_amd64.whl", hash = "sha256:c24acac1e18912761c4700239bbc1fd32f615af690f1584d49b35859be51324d", size = 37416961, upload-time = "2026-08-21T23:27:01.546Z" },
    { url = "https://files.pythonhosted.org/packages/ee/16/e79e0d1c63ef698879d85439d37e9fb434e3b804e506a6991038d086ebd9/scipy-1.18.1-cp314-cp314t-win_arm64.whl", hash = "sha256:9f2897bf7737392ad0d5213ea7b6add72a4edf5679b3153106aeb88b6507b3b9", size = 25331848, upload-time = "2026-08-21T23:27:05.884Z" },
]

[[package]]
name = "threadpoolctl"
version = "3.6.0"
source = { registry = "https://pypi.org/simple" }
sdist = { url = "https://files.pythonhosted.org/packages/b7/4d/08c89e34946fce2aec4fbb45c9016efd5f4d7f24af8e5d93296e935631d8/threadpoolctl-3.6.0.tar.gz", hash = "sha256:8ab8b4aa3491d812b623328249fab5302a68d2d71745c8a4c719a2fcaba9f44e", size = 21274, upload-time = "2025-03-13T13:49:23.031Z" }
wheels = [
    { url = "https://files.pythonhosted.org/packages/32/d5/f9a850d79b0851d1d4ef6456097579a9005b31fea68726a4ae5f2d82ddd9/threadpoolctl-3.6.0-py3-none-any.whl", hash = "sha256:43a0b8fd5a2928500110039e43a5eed8480b918967083ea48dc3ab9f13c4a7fb", size = 18638, upload-time = "2025-03-13T13:49:21.846Z" },
]
